// !$*UTF8*$!
{
	archiveVersion = 1;
	classes = {
	};
	objectVersion = 48;
	objects = {

/* Begin PBXBuildFile section */
		631E34E8203B69F100581244 /* MemberListViewController.swift in Sources */ = {isa = PBXBuildFile; fileRef = 631E34E6203B69F100581244 /* MemberListViewController.swift */; };
		631E34E9203B69F100581244 /* MemberListViewController.xib in Resources */ = {isa = PBXBuildFile; fileRef = 631E34E7203B69F100581244 /* MemberListViewController.xib */; };
		636FECEC204359DF0097A3C5 /* SeasonListViewController.swift in Sources */ = {isa = PBXBuildFile; fileRef = 636FECEA204359DF0097A3C5 /* SeasonListViewController.swift */; };
		636FECED204359DF0097A3C5 /* SeasonListViewController.xib in Resources */ = {isa = PBXBuildFile; fileRef = 636FECEB204359DF0097A3C5 /* SeasonListViewController.xib */; };
		636FECF020435A060097A3C5 /* SeasonDetailViewController.swift in Sources */ = {isa = PBXBuildFile; fileRef = 636FECEE20435A060097A3C5 /* SeasonDetailViewController.swift */; };
		636FECF120435A060097A3C5 /* SeasonDetailViewController.xib in Resources */ = {isa = PBXBuildFile; fileRef = 636FECEF20435A060097A3C5 /* SeasonDetailViewController.xib */; };
		636FECF420435A260097A3C5 /* EpisodeDetailViewController.swift in Sources */ = {isa = PBXBuildFile; fileRef = 636FECF220435A260097A3C5 /* EpisodeDetailViewController.swift */; };
		636FECF520435A260097A3C5 /* EpisodeDetailViewController.xib in Resources */ = {isa = PBXBuildFile; fileRef = 636FECF320435A260097A3C5 /* EpisodeDetailViewController.xib */; };
		636FECF820435A4D0097A3C5 /* EpisodeListViewController.swift in Sources */ = {isa = PBXBuildFile; fileRef = 636FECF620435A4D0097A3C5 /* EpisodeListViewController.swift */; };
		636FECF920435A4D0097A3C5 /* EpisodeListViewController.xib in Resources */ = {isa = PBXBuildFile; fileRef = 636FECF720435A4D0097A3C5 /* EpisodeListViewController.xib */; };
		636FED0120435CE00097A3C5 /* season-1.jpg in Resources */ = {isa = PBXBuildFile; fileRef = 636FECFA20435CDF0097A3C5 /* season-1.jpg */; };
		636FED0220435CE00097A3C5 /* season-4.jpg in Resources */ = {isa = PBXBuildFile; fileRef = 636FECFB20435CDF0097A3C5 /* season-4.jpg */; };
		636FED0320435CE00097A3C5 /* season-2.jpg in Resources */ = {isa = PBXBuildFile; fileRef = 636FECFC20435CE00097A3C5 /* season-2.jpg */; };
		636FED0420435CE00097A3C5 /* season-6.jpg in Resources */ = {isa = PBXBuildFile; fileRef = 636FECFD20435CE00097A3C5 /* season-6.jpg */; };
		636FED0520435CE00097A3C5 /* season-5.jpg in Resources */ = {isa = PBXBuildFile; fileRef = 636FECFE20435CE00097A3C5 /* season-5.jpg */; };
		636FED0620435CE00097A3C5 /* season-7.jpg in Resources */ = {isa = PBXBuildFile; fileRef = 636FECFF20435CE00097A3C5 /* season-7.jpg */; };
		636FED0720435CE00097A3C5 /* season-3.jpg in Resources */ = {isa = PBXBuildFile; fileRef = 636FED0020435CE00097A3C5 /* season-3.jpg */; };
		636FED4B204362380097A3C5 /* s5e9.jpg in Resources */ = {isa = PBXBuildFile; fileRef = 636FED08204362330097A3C5 /* s5e9.jpg */; };
		636FED4C204362380097A3C5 /* s2e7.jpg in Resources */ = {isa = PBXBuildFile; fileRef = 636FED09204362330097A3C5 /* s2e7.jpg */; };
		636FED4D204362380097A3C5 /* s4e2.jpg in Resources */ = {isa = PBXBuildFile; fileRef = 636FED0A204362330097A3C5 /* s4e2.jpg */; };
		636FED4E204362380097A3C5 /* s2e3.jpg in Resources */ = {isa = PBXBuildFile; fileRef = 636FED0B204362340097A3C5 /* s2e3.jpg */; };
		636FED4F204362380097A3C5 /* s5e3.jpg in Resources */ = {isa = PBXBuildFile; fileRef = 636FED0C204362340097A3C5 /* s5e3.jpg */; };
		636FED50204362380097A3C5 /* s1e4.jpg in Resources */ = {isa = PBXBuildFile; fileRef = 636FED0D204362340097A3C5 /* s1e4.jpg */; };
		636FED51204362380097A3C5 /* s3e7.jpg in Resources */ = {isa = PBXBuildFile; fileRef = 636FED0E204362340097A3C5 /* s3e7.jpg */; };
		636FED52204362380097A3C5 /* s1e8.jpg in Resources */ = {isa = PBXBuildFile; fileRef = 636FED0F204362340097A3C5 /* s1e8.jpg */; };
		636FED53204362380097A3C5 /* s7e5.jpg in Resources */ = {isa = PBXBuildFile; fileRef = 636FED10204362340097A3C5 /* s7e5.jpg */; };
		636FED54204362380097A3C5 /* s7e6.jpg in Resources */ = {isa = PBXBuildFile; fileRef = 636FED11204362340097A3C5 /* s7e6.jpg */; };
		636FED55204362380097A3C5 /* s4e10.jpg in Resources */ = {isa = PBXBuildFile; fileRef = 636FED12204362340097A3C5 /* s4e10.jpg */; };
		636FED56204362380097A3C5 /* s2e5.jpg in Resources */ = {isa = PBXBuildFile; fileRef = 636FED13204362340097A3C5 /* s2e5.jpg */; };
		636FED57204362380097A3C5 /* s2e6.jpg in Resources */ = {isa = PBXBuildFile; fileRef = 636FED14204362340097A3C5 /* s2e6.jpg */; };
		636FED58204362380097A3C5 /* s6e6.jpg in Resources */ = {isa = PBXBuildFile; fileRef = 636FED15204362340097A3C5 /* s6e6.jpg */; };
		636FED59204362380097A3C5 /* s1e7.jpg in Resources */ = {isa = PBXBuildFile; fileRef = 636FED16204362340097A3C5 /* s1e7.jpg */; };
		636FED5A204362380097A3C5 /* s7e7.jpg in Resources */ = {isa = PBXBuildFile; fileRef = 636FED17204362340097A3C5 /* s7e7.jpg */; };
		636FED5B204362380097A3C5 /* s4e8.jpg in Resources */ = {isa = PBXBuildFile; fileRef = 636FED18204362350097A3C5 /* s4e8.jpg */; };
		636FED5C204362380097A3C5 /* s5e1.jpg in Resources */ = {isa = PBXBuildFile; fileRef = 636FED19204362350097A3C5 /* s5e1.jpg */; };
		636FED5D204362380097A3C5 /* s3e10.jpg in Resources */ = {isa = PBXBuildFile; fileRef = 636FED1A204362350097A3C5 /* s3e10.jpg */; };
		636FED5E204362380097A3C5 /* s1e6.jpg in Resources */ = {isa = PBXBuildFile; fileRef = 636FED1B204362350097A3C5 /* s1e6.jpg */; };
		636FED5F204362380097A3C5 /* s5e6.jpg in Resources */ = {isa = PBXBuildFile; fileRef = 636FED1C204362350097A3C5 /* s5e6.jpg */; };
		636FED60204362380097A3C5 /* s3e5.jpg in Resources */ = {isa = PBXBuildFile; fileRef = 636FED1D204362350097A3C5 /* s3e5.jpg */; };
		636FED61204362380097A3C5 /* s3e8.jpg in Resources */ = {isa = PBXBuildFile; fileRef = 636FED1E204362350097A3C5 /* s3e8.jpg */; };
		636FED62204362380097A3C5 /* s6e8.jpg in Resources */ = {isa = PBXBuildFile; fileRef = 636FED1F204362350097A3C5 /* s6e8.jpg */; };
		636FED63204362380097A3C5 /* s1e2.jpg in Resources */ = {isa = PBXBuildFile; fileRef = 636FED20204362350097A3C5 /* s1e2.jpg */; };
		636FED64204362380097A3C5 /* s2e1.jpg in Resources */ = {isa = PBXBuildFile; fileRef = 636FED21204362350097A3C5 /* s2e1.jpg */; };
		636FED65204362380097A3C5 /* s7e1.jpg in Resources */ = {isa = PBXBuildFile; fileRef = 636FED22204362350097A3C5 /* s7e1.jpg */; };
		636FED66204362380097A3C5 /* s3e4.jpg in Resources */ = {isa = PBXBuildFile; fileRef = 636FED23204362350097A3C5 /* s3e4.jpg */; };
		636FED67204362380097A3C5 /* s5e5.jpg in Resources */ = {isa = PBXBuildFile; fileRef = 636FED24204362350097A3C5 /* s5e5.jpg */; };
		636FED68204362380097A3C5 /* s3e9.jpg in Resources */ = {isa = PBXBuildFile; fileRef = 636FED25204362360097A3C5 /* s3e9.jpg */; };
		636FED69204362380097A3C5 /* s2e4.jpg in Resources */ = {isa = PBXBuildFile; fileRef = 636FED26204362360097A3C5 /* s2e4.jpg */; };
		636FED6A204362380097A3C5 /* s1e10.jpg in Resources */ = {isa = PBXBuildFile; fileRef = 636FED27204362360097A3C5 /* s1e10.jpg */; };
		636FED6B204362380097A3C5 /* s6e4.jpg in Resources */ = {isa = PBXBuildFile; fileRef = 636FED28204362360097A3C5 /* s6e4.jpg */; };
		636FED6C204362380097A3C5 /* s1e3.jpg in Resources */ = {isa = PBXBuildFile; fileRef = 636FED29204362360097A3C5 /* s1e3.jpg */; };
		636FED6D204362380097A3C5 /* s7e4.jpg in Resources */ = {isa = PBXBuildFile; fileRef = 636FED2A204362360097A3C5 /* s7e4.jpg */; };
		636FED6E204362380097A3C5 /* s4e3.jpg in Resources */ = {isa = PBXBuildFile; fileRef = 636FED2B204362360097A3C5 /* s4e3.jpg */; };
		636FED6F204362380097A3C5 /* s2e2.jpg in Resources */ = {isa = PBXBuildFile; fileRef = 636FED2C204362360097A3C5 /* s2e2.jpg */; };
		636FED70204362380097A3C5 /* s6e7.jpg in Resources */ = {isa = PBXBuildFile; fileRef = 636FED2D204362360097A3C5 /* s6e7.jpg */; };
		636FED71204362380097A3C5 /* s6e9.jpg in Resources */ = {isa = PBXBuildFile; fileRef = 636FED2E204362360097A3C5 /* s6e9.jpg */; };
		636FED72204362380097A3C5 /* s5e4.jpg in Resources */ = {isa = PBXBuildFile; fileRef = 636FED2F204362360097A3C5 /* s5e4.jpg */; };
		636FED73204362380097A3C5 /* s2e9.jpg in Resources */ = {isa = PBXBuildFile; fileRef = 636FED30204362360097A3C5 /* s2e9.jpg */; };
		636FED74204362380097A3C5 /* s4e6.jpg in Resources */ = {isa = PBXBuildFile; fileRef = 636FED31204362360097A3C5 /* s4e6.jpg */; };
		636FED75204362380097A3C5 /* s1e5.jpg in Resources */ = {isa = PBXBuildFile; fileRef = 636FED32204362360097A3C5 /* s1e5.jpg */; };
		636FED76204362380097A3C5 /* s6e3.jpg in Resources */ = {isa = PBXBuildFile; fileRef = 636FED33204362370097A3C5 /* s6e3.jpg */; };
		636FED77204362380097A3C5 /* s3e2.jpg in Resources */ = {isa = PBXBuildFile; fileRef = 636FED34204362370097A3C5 /* s3e2.jpg */; };
		636FED78204362380097A3C5 /* s7e2.jpg in Resources */ = {isa = PBXBuildFile; fileRef = 636FED35204362370097A3C5 /* s7e2.jpg */; };
		636FED79204362380097A3C5 /* s4e9.jpg in Resources */ = {isa = PBXBuildFile; fileRef = 636FED36204362370097A3C5 /* s4e9.jpg */; };
		636FED7A204362380097A3C5 /* s6e2.jpg in Resources */ = {isa = PBXBuildFile; fileRef = 636FED37204362370097A3C5 /* s6e2.jpg */; };
		636FED7B204362380097A3C5 /* s6e10.jpg in Resources */ = {isa = PBXBuildFile; fileRef = 636FED38204362370097A3C5 /* s6e10.jpg */; };
		636FED7C204362380097A3C5 /* s7e3.jpg in Resources */ = {isa = PBXBuildFile; fileRef = 636FED39204362370097A3C5 /* s7e3.jpg */; };
		636FED7D204362380097A3C5 /* s3e6.jpg in Resources */ = {isa = PBXBuildFile; fileRef = 636FED3A204362370097A3C5 /* s3e6.jpg */; };
		636FED7E204362380097A3C5 /* s2e8.jpg in Resources */ = {isa = PBXBuildFile; fileRef = 636FED3B204362370097A3C5 /* s2e8.jpg */; };
		636FED7F204362380097A3C5 /* s4e5.jpg in Resources */ = {isa = PBXBuildFile; fileRef = 636FED3C204362370097A3C5 /* s4e5.jpg */; };
		636FED80204362380097A3C5 /* s4e7.jpg in Resources */ = {isa = PBXBuildFile; fileRef = 636FED3D204362370097A3C5 /* s4e7.jpg */; };
		636FED81204362380097A3C5 /* s6e5.jpg in Resources */ = {isa = PBXBuildFile; fileRef = 636FED3E204362370097A3C5 /* s6e5.jpg */; };
		636FED82204362380097A3C5 /* s5e10.jpg in Resources */ = {isa = PBXBuildFile; fileRef = 636FED3F204362370097A3C5 /* s5e10.jpg */; };
		636FED83204362380097A3C5 /* s6e1.jpg in Resources */ = {isa = PBXBuildFile; fileRef = 636FED40204362380097A3C5 /* s6e1.jpg */; };
		636FED84204362380097A3C5 /* s1e1.jpg in Resources */ = {isa = PBXBuildFile; fileRef = 636FED41204362380097A3C5 /* s1e1.jpg */; };
		636FED85204362380097A3C5 /* s4e4.jpg in Resources */ = {isa = PBXBuildFile; fileRef = 636FED42204362380097A3C5 /* s4e4.jpg */; };
		636FED86204362380097A3C5 /* s1e9.jpg in Resources */ = {isa = PBXBuildFile; fileRef = 636FED43204362380097A3C5 /* s1e9.jpg */; };
		636FED87204362380097A3C5 /* s2e10.jpg in Resources */ = {isa = PBXBuildFile; fileRef = 636FED44204362380097A3C5 /* s2e10.jpg */; };
		636FED88204362380097A3C5 /* s5e8.jpg in Resources */ = {isa = PBXBuildFile; fileRef = 636FED45204362380097A3C5 /* s5e8.jpg */; };
		636FED89204362380097A3C5 /* s4e1.jpg in Resources */ = {isa = PBXBuildFile; fileRef = 636FED46204362380097A3C5 /* s4e1.jpg */; };
		636FED8A204362380097A3C5 /* s3e3.jpg in Resources */ = {isa = PBXBuildFile; fileRef = 636FED47204362380097A3C5 /* s3e3.jpg */; };
		636FED8B204362380097A3C5 /* s5e2.jpg in Resources */ = {isa = PBXBuildFile; fileRef = 636FED48204362380097A3C5 /* s5e2.jpg */; };
		636FED8C204362380097A3C5 /* s5e7.jpg in Resources */ = {isa = PBXBuildFile; fileRef = 636FED49204362380097A3C5 /* s5e7.jpg */; };
		636FED8D204362380097A3C5 /* s3e1.jpg in Resources */ = {isa = PBXBuildFile; fileRef = 636FED4A204362380097A3C5 /* s3e1.jpg */; };
		637849382047640000347505 /* ca-castle-icon.png in Resources */ = {isa = PBXBuildFile; fileRef = 63784936204763FF00347505 /* ca-castle-icon.png */; };
		637849392047640000347505 /* ca-film-icon.png in Resources */ = {isa = PBXBuildFile; fileRef = 637849372047640000347505 /* ca-film-icon.png */; };
		637890BE2040C32D006E3732 /* EpisodeTests.swift in Sources */ = {isa = PBXBuildFile; fileRef = 637890BD2040C32D006E3732 /* EpisodeTests.swift */; };
		637890C02040CFC8006E3732 /* RepositoryFactory.swift in Sources */ = {isa = PBXBuildFile; fileRef = 637890BF2040CFC8006E3732 /* RepositoryFactory.swift */; };
		63813DC5202CE53600898058 /* AppDelegate.swift in Sources */ = {isa = PBXBuildFile; fileRef = 63813DC4202CE53600898058 /* AppDelegate.swift */; };
		63813DCC202CE53600898058 /* Assets.xcassets in Resources */ = {isa = PBXBuildFile; fileRef = 63813DCB202CE53600898058 /* Assets.xcassets */; };
		63813DCF202CE53600898058 /* LaunchScreen.storyboard in Resources */ = {isa = PBXBuildFile; fileRef = 63813DCD202CE53600898058 /* LaunchScreen.storyboard */; };
		63813DE5202CF01B00898058 /* HouseTests.swift in Sources */ = {isa = PBXBuildFile; fileRef = 63813DE4202CF01B00898058 /* HouseTests.swift */; };
		63813DE9202CF1DA00898058 /* House.swift in Sources */ = {isa = PBXBuildFile; fileRef = 63813DE8202CF1DA00898058 /* House.swift */; };
		63813DEB202CF64600898058 /* Sigil.swift in Sources */ = {isa = PBXBuildFile; fileRef = 63813DEA202CF64600898058 /* Sigil.swift */; };
		63813DED202CFD8000898058 /* PersonTests.swift in Sources */ = {isa = PBXBuildFile; fileRef = 63813DEC202CFD8000898058 /* PersonTests.swift */; };
		6383D9572034D1210042281F /* UIViewController+Additions.swift in Sources */ = {isa = PBXBuildFile; fileRef = 6383D9562034D1210042281F /* UIViewController+Additions.swift */; };
		6383D9592034D3650042281F /* RepositoryTests.swift in Sources */ = {isa = PBXBuildFile; fileRef = 6383D9582034D3650042281F /* RepositoryTests.swift */; };
		6383D95B2034D4080042281F /* Repository.swift in Sources */ = {isa = PBXBuildFile; fileRef = 6383D95A2034D4080042281F /* Repository.swift */; };
		6383D95E20362B8E0042281F /* WikiViewController.swift in Sources */ = {isa = PBXBuildFile; fileRef = 6383D95C20362B8E0042281F /* WikiViewController.swift */; };
		6383D95F20362B8E0042281F /* WikiViewController.xib in Resources */ = {isa = PBXBuildFile; fileRef = 6383D95D20362B8E0042281F /* WikiViewController.xib */; };
		6383D962203645330042281F /* HouseListViewController.swift in Sources */ = {isa = PBXBuildFile; fileRef = 6383D960203645330042281F /* HouseListViewController.swift */; };
		6383D963203645330042281F /* HouseListViewController.xib in Resources */ = {isa = PBXBuildFile; fileRef = 6383D961203645330042281F /* HouseListViewController.xib */; };
		639A09D420323A8D00C1A4DF /* HouseDetailViewController.swift in Sources */ = {isa = PBXBuildFile; fileRef = 639A09D220323A8D00C1A4DF /* HouseDetailViewController.swift */; };
		639A09D520323A8D00C1A4DF /* HouseDetailViewController.xib in Resources */ = {isa = PBXBuildFile; fileRef = 639A09D320323A8D00C1A4DF /* HouseDetailViewController.xib */; };
		63AB2E4F202D0A24004B0BB6 /* Person.swift in Sources */ = {isa = PBXBuildFile; fileRef = 63AB2E4E202D0A24004B0BB6 /* Person.swift */; };
		63ADB303203E1C2600BCD94C /* lannister.png in Resources */ = {isa = PBXBuildFile; fileRef = 63ADB2FC203E1C2500BCD94C /* lannister.png */; };
		63ADB304203E1C2600BCD94C /* tyrell.png in Resources */ = {isa = PBXBuildFile; fileRef = 63ADB2FD203E1C2500BCD94C /* tyrell.png */; };
		63ADB305203E1C2600BCD94C /* stark.png in Resources */ = {isa = PBXBuildFile; fileRef = 63ADB2FE203E1C2600BCD94C /* stark.png */; };
		63ADB306203E1C2600BCD94C /* targaryen.png in Resources */ = {isa = PBXBuildFile; fileRef = 63ADB2FF203E1C2600BCD94C /* targaryen.png */; };
		63ADB307203E1C2600BCD94C /* bolton.png in Resources */ = {isa = PBXBuildFile; fileRef = 63ADB300203E1C2600BCD94C /* bolton.png */; };
		63ADB308203E1C2600BCD94C /* baratheon.png in Resources */ = {isa = PBXBuildFile; fileRef = 63ADB301203E1C2600BCD94C /* baratheon.png */; };
		63ADB309203E1C2600BCD94C /* martell.png in Resources */ = {isa = PBXBuildFile; fileRef = 63ADB302203E1C2600BCD94C /* martell.png */; };
		63ADB30B203E2E0F00BCD94C /* SeasonTests.swift in Sources */ = {isa = PBXBuildFile; fileRef = 63ADB30A203E2E0F00BCD94C /* SeasonTests.swift */; };
		63ADB30D203E2E8400BCD94C /* Season.swift in Sources */ = {isa = PBXBuildFile; fileRef = 63ADB30C203E2E8400BCD94C /* Season.swift */; };
		63ADB30F203E2EA200BCD94C /* Episode.swift in Sources */ = {isa = PBXBuildFile; fileRef = 63ADB30E203E2EA200BCD94C /* Episode.swift */; };
/* End PBXBuildFile section */

/* Begin PBXContainerItemProxy section */
		63813DD6202CE53600898058 /* PBXContainerItemProxy */ = {
			isa = PBXContainerItemProxy;
			containerPortal = 63813DB9202CE53600898058 /* Project object */;
			proxyType = 1;
			remoteGlobalIDString = 63813DC0202CE53600898058;
			remoteInfo = Westeros;
		};
/* End PBXContainerItemProxy section */

/* Begin PBXFileReference section */
		631E34E6203B69F100581244 /* MemberListViewController.swift */ = {isa = PBXFileReference; lastKnownFileType = sourcecode.swift; path = MemberListViewController.swift; sourceTree = "<group>"; };
		631E34E7203B69F100581244 /* MemberListViewController.xib */ = {isa = PBXFileReference; lastKnownFileType = file.xib; path = MemberListViewController.xib; sourceTree = "<group>"; };
		636FECEA204359DF0097A3C5 /* SeasonListViewController.swift */ = {isa = PBXFileReference; lastKnownFileType = sourcecode.swift; path = SeasonListViewController.swift; sourceTree = "<group>"; };
		636FECEB204359DF0097A3C5 /* SeasonListViewController.xib */ = {isa = PBXFileReference; lastKnownFileType = file.xib; path = SeasonListViewController.xib; sourceTree = "<group>"; };
		636FECEE20435A060097A3C5 /* SeasonDetailViewController.swift */ = {isa = PBXFileReference; lastKnownFileType = sourcecode.swift; path = SeasonDetailViewController.swift; sourceTree = "<group>"; };
		636FECEF20435A060097A3C5 /* SeasonDetailViewController.xib */ = {isa = PBXFileReference; lastKnownFileType = file.xib; path = SeasonDetailViewController.xib; sourceTree = "<group>"; };
		636FECF220435A260097A3C5 /* EpisodeDetailViewController.swift */ = {isa = PBXFileReference; lastKnownFileType = sourcecode.swift; path = EpisodeDetailViewController.swift; sourceTree = "<group>"; };
		636FECF320435A260097A3C5 /* EpisodeDetailViewController.xib */ = {isa = PBXFileReference; lastKnownFileType = file.xib; path = EpisodeDetailViewController.xib; sourceTree = "<group>"; };
		636FECF620435A4D0097A3C5 /* EpisodeListViewController.swift */ = {isa = PBXFileReference; lastKnownFileType = sourcecode.swift; path = EpisodeListViewController.swift; sourceTree = "<group>"; };
		636FECF720435A4D0097A3C5 /* EpisodeListViewController.xib */ = {isa = PBXFileReference; lastKnownFileType = file.xib; path = EpisodeListViewController.xib; sourceTree = "<group>"; };
		636FECFA20435CDF0097A3C5 /* season-1.jpg */ = {isa = PBXFileReference; lastKnownFileType = image.jpeg; path = "season-1.jpg"; sourceTree = "<group>"; };
		636FECFB20435CDF0097A3C5 /* season-4.jpg */ = {isa = PBXFileReference; lastKnownFileType = image.jpeg; path = "season-4.jpg"; sourceTree = "<group>"; };
		636FECFC20435CE00097A3C5 /* season-2.jpg */ = {isa = PBXFileReference; lastKnownFileType = image.jpeg; path = "season-2.jpg"; sourceTree = "<group>"; };
		636FECFD20435CE00097A3C5 /* season-6.jpg */ = {isa = PBXFileReference; lastKnownFileType = image.jpeg; path = "season-6.jpg"; sourceTree = "<group>"; };
		636FECFE20435CE00097A3C5 /* season-5.jpg */ = {isa = PBXFileReference; lastKnownFileType = image.jpeg; path = "season-5.jpg"; sourceTree = "<group>"; };
		636FECFF20435CE00097A3C5 /* season-7.jpg */ = {isa = PBXFileReference; lastKnownFileType = image.jpeg; path = "season-7.jpg"; sourceTree = "<group>"; };
		636FED0020435CE00097A3C5 /* season-3.jpg */ = {isa = PBXFileReference; lastKnownFileType = image.jpeg; path = "season-3.jpg"; sourceTree = "<group>"; };
		636FED08204362330097A3C5 /* s5e9.jpg */ = {isa = PBXFileReference; lastKnownFileType = image.jpeg; path = s5e9.jpg; sourceTree = "<group>"; };
		636FED09204362330097A3C5 /* s2e7.jpg */ = {isa = PBXFileReference; lastKnownFileType = image.jpeg; path = s2e7.jpg; sourceTree = "<group>"; };
		636FED0A204362330097A3C5 /* s4e2.jpg */ = {isa = PBXFileReference; lastKnownFileType = image.jpeg; path = s4e2.jpg; sourceTree = "<group>"; };
		636FED0B204362340097A3C5 /* s2e3.jpg */ = {isa = PBXFileReference; lastKnownFileType = image.jpeg; path = s2e3.jpg; sourceTree = "<group>"; };
		636FED0C204362340097A3C5 /* s5e3.jpg */ = {isa = PBXFileReference; lastKnownFileType = image.jpeg; path = s5e3.jpg; sourceTree = "<group>"; };
		636FED0D204362340097A3C5 /* s1e4.jpg */ = {isa = PBXFileReference; lastKnownFileType = image.jpeg; path = s1e4.jpg; sourceTree = "<group>"; };
		636FED0E204362340097A3C5 /* s3e7.jpg */ = {isa = PBXFileReference; lastKnownFileType = image.jpeg; path = s3e7.jpg; sourceTree = "<group>"; };
		636FED0F204362340097A3C5 /* s1e8.jpg */ = {isa = PBXFileReference; lastKnownFileType = image.jpeg; path = s1e8.jpg; sourceTree = "<group>"; };
		636FED10204362340097A3C5 /* s7e5.jpg */ = {isa = PBXFileReference; lastKnownFileType = image.jpeg; path = s7e5.jpg; sourceTree = "<group>"; };
		636FED11204362340097A3C5 /* s7e6.jpg */ = {isa = PBXFileReference; lastKnownFileType = image.jpeg; path = s7e6.jpg; sourceTree = "<group>"; };
		636FED12204362340097A3C5 /* s4e10.jpg */ = {isa = PBXFileReference; lastKnownFileType = image.jpeg; path = s4e10.jpg; sourceTree = "<group>"; };
		636FED13204362340097A3C5 /* s2e5.jpg */ = {isa = PBXFileReference; lastKnownFileType = image.jpeg; path = s2e5.jpg; sourceTree = "<group>"; };
		636FED14204362340097A3C5 /* s2e6.jpg */ = {isa = PBXFileReference; lastKnownFileType = image.jpeg; path = s2e6.jpg; sourceTree = "<group>"; };
		636FED15204362340097A3C5 /* s6e6.jpg */ = {isa = PBXFileReference; lastKnownFileType = image.jpeg; path = s6e6.jpg; sourceTree = "<group>"; };
		636FED16204362340097A3C5 /* s1e7.jpg */ = {isa = PBXFileReference; lastKnownFileType = image.jpeg; path = s1e7.jpg; sourceTree = "<group>"; };
		636FED17204362340097A3C5 /* s7e7.jpg */ = {isa = PBXFileReference; lastKnownFileType = image.jpeg; path = s7e7.jpg; sourceTree = "<group>"; };
		636FED18204362350097A3C5 /* s4e8.jpg */ = {isa = PBXFileReference; lastKnownFileType = image.jpeg; path = s4e8.jpg; sourceTree = "<group>"; };
		636FED19204362350097A3C5 /* s5e1.jpg */ = {isa = PBXFileReference; lastKnownFileType = image.jpeg; path = s5e1.jpg; sourceTree = "<group>"; };
		636FED1A204362350097A3C5 /* s3e10.jpg */ = {isa = PBXFileReference; lastKnownFileType = image.jpeg; path = s3e10.jpg; sourceTree = "<group>"; };
		636FED1B204362350097A3C5 /* s1e6.jpg */ = {isa = PBXFileReference; lastKnownFileType = image.jpeg; path = s1e6.jpg; sourceTree = "<group>"; };
		636FED1C204362350097A3C5 /* s5e6.jpg */ = {isa = PBXFileReference; lastKnownFileType = image.jpeg; path = s5e6.jpg; sourceTree = "<group>"; };
		636FED1D204362350097A3C5 /* s3e5.jpg */ = {isa = PBXFileReference; lastKnownFileType = image.jpeg; path = s3e5.jpg; sourceTree = "<group>"; };
		636FED1E204362350097A3C5 /* s3e8.jpg */ = {isa = PBXFileReference; lastKnownFileType = image.jpeg; path = s3e8.jpg; sourceTree = "<group>"; };
		636FED1F204362350097A3C5 /* s6e8.jpg */ = {isa = PBXFileReference; lastKnownFileType = image.jpeg; path = s6e8.jpg; sourceTree = "<group>"; };
		636FED20204362350097A3C5 /* s1e2.jpg */ = {isa = PBXFileReference; lastKnownFileType = image.jpeg; path = s1e2.jpg; sourceTree = "<group>"; };
		636FED21204362350097A3C5 /* s2e1.jpg */ = {isa = PBXFileReference; lastKnownFileType = image.jpeg; path = s2e1.jpg; sourceTree = "<group>"; };
		636FED22204362350097A3C5 /* s7e1.jpg */ = {isa = PBXFileReference; lastKnownFileType = image.jpeg; path = s7e1.jpg; sourceTree = "<group>"; };
		636FED23204362350097A3C5 /* s3e4.jpg */ = {isa = PBXFileReference; lastKnownFileType = image.jpeg; path = s3e4.jpg; sourceTree = "<group>"; };
		636FED24204362350097A3C5 /* s5e5.jpg */ = {isa = PBXFileReference; lastKnownFileType = image.jpeg; path = s5e5.jpg; sourceTree = "<group>"; };
		636FED25204362360097A3C5 /* s3e9.jpg */ = {isa = PBXFileReference; lastKnownFileType = image.jpeg; path = s3e9.jpg; sourceTree = "<group>"; };
		636FED26204362360097A3C5 /* s2e4.jpg */ = {isa = PBXFileReference; lastKnownFileType = image.jpeg; path = s2e4.jpg; sourceTree = "<group>"; };
		636FED27204362360097A3C5 /* s1e10.jpg */ = {isa = PBXFileReference; lastKnownFileType = image.jpeg; path = s1e10.jpg; sourceTree = "<group>"; };
		636FED28204362360097A3C5 /* s6e4.jpg */ = {isa = PBXFileReference; lastKnownFileType = image.jpeg; path = s6e4.jpg; sourceTree = "<group>"; };
		636FED29204362360097A3C5 /* s1e3.jpg */ = {isa = PBXFileReference; lastKnownFileType = image.jpeg; path = s1e3.jpg; sourceTree = "<group>"; };
		636FED2A204362360097A3C5 /* s7e4.jpg */ = {isa = PBXFileReference; lastKnownFileType = image.jpeg; path = s7e4.jpg; sourceTree = "<group>"; };
		636FED2B204362360097A3C5 /* s4e3.jpg */ = {isa = PBXFileReference; lastKnownFileType = image.jpeg; path = s4e3.jpg; sourceTree = "<group>"; };
		636FED2C204362360097A3C5 /* s2e2.jpg */ = {isa = PBXFileReference; lastKnownFileType = image.jpeg; path = s2e2.jpg; sourceTree = "<group>"; };
		636FED2D204362360097A3C5 /* s6e7.jpg */ = {isa = PBXFileReference; lastKnownFileType = image.jpeg; path = s6e7.jpg; sourceTree = "<group>"; };
		636FED2E204362360097A3C5 /* s6e9.jpg */ = {isa = PBXFileReference; lastKnownFileType = image.jpeg; path = s6e9.jpg; sourceTree = "<group>"; };
		636FED2F204362360097A3C5 /* s5e4.jpg */ = {isa = PBXFileReference; lastKnownFileType = image.jpeg; path = s5e4.jpg; sourceTree = "<group>"; };
		636FED30204362360097A3C5 /* s2e9.jpg */ = {isa = PBXFileReference; lastKnownFileType = image.jpeg; path = s2e9.jpg; sourceTree = "<group>"; };
		636FED31204362360097A3C5 /* s4e6.jpg */ = {isa = PBXFileReference; lastKnownFileType = image.jpeg; path = s4e6.jpg; sourceTree = "<group>"; };
		636FED32204362360097A3C5 /* s1e5.jpg */ = {isa = PBXFileReference; lastKnownFileType = image.jpeg; path = s1e5.jpg; sourceTree = "<group>"; };
		636FED33204362370097A3C5 /* s6e3.jpg */ = {isa = PBXFileReference; lastKnownFileType = image.jpeg; path = s6e3.jpg; sourceTree = "<group>"; };
		636FED34204362370097A3C5 /* s3e2.jpg */ = {isa = PBXFileReference; lastKnownFileType = image.jpeg; path = s3e2.jpg; sourceTree = "<group>"; };
		636FED35204362370097A3C5 /* s7e2.jpg */ = {isa = PBXFileReference; lastKnownFileType = image.jpeg; path = s7e2.jpg; sourceTree = "<group>"; };
		636FED36204362370097A3C5 /* s4e9.jpg */ = {isa = PBXFileReference; lastKnownFileType = image.jpeg; path = s4e9.jpg; sourceTree = "<group>"; };
		636FED37204362370097A3C5 /* s6e2.jpg */ = {isa = PBXFileReference; lastKnownFileType = image.jpeg; path = s6e2.jpg; sourceTree = "<group>"; };
		636FED38204362370097A3C5 /* s6e10.jpg */ = {isa = PBXFileReference; lastKnownFileType = image.jpeg; path = s6e10.jpg; sourceTree = "<group>"; };
		636FED39204362370097A3C5 /* s7e3.jpg */ = {isa = PBXFileReference; lastKnownFileType = image.jpeg; path = s7e3.jpg; sourceTree = "<group>"; };
		636FED3A204362370097A3C5 /* s3e6.jpg */ = {isa = PBXFileReference; lastKnownFileType = image.jpeg; path = s3e6.jpg; sourceTree = "<group>"; };
		636FED3B204362370097A3C5 /* s2e8.jpg */ = {isa = PBXFileReference; lastKnownFileType = image.jpeg; path = s2e8.jpg; sourceTree = "<group>"; };
		636FED3C204362370097A3C5 /* s4e5.jpg */ = {isa = PBXFileReference; lastKnownFileType = image.jpeg; path = s4e5.jpg; sourceTree = "<group>"; };
		636FED3D204362370097A3C5 /* s4e7.jpg */ = {isa = PBXFileReference; lastKnownFileType = image.jpeg; path = s4e7.jpg; sourceTree = "<group>"; };
		636FED3E204362370097A3C5 /* s6e5.jpg */ = {isa = PBXFileReference; lastKnownFileType = image.jpeg; path = s6e5.jpg; sourceTree = "<group>"; };
		636FED3F204362370097A3C5 /* s5e10.jpg */ = {isa = PBXFileReference; lastKnownFileType = image.jpeg; path = s5e10.jpg; sourceTree = "<group>"; };
		636FED40204362380097A3C5 /* s6e1.jpg */ = {isa = PBXFileReference; lastKnownFileType = image.jpeg; path = s6e1.jpg; sourceTree = "<group>"; };
		636FED41204362380097A3C5 /* s1e1.jpg */ = {isa = PBXFileReference; lastKnownFileType = image.jpeg; path = s1e1.jpg; sourceTree = "<group>"; };
		636FED42204362380097A3C5 /* s4e4.jpg */ = {isa = PBXFileReference; lastKnownFileType = image.jpeg; path = s4e4.jpg; sourceTree = "<group>"; };
		636FED43204362380097A3C5 /* s1e9.jpg */ = {isa = PBXFileReference; lastKnownFileType = image.jpeg; path = s1e9.jpg; sourceTree = "<group>"; };
		636FED44204362380097A3C5 /* s2e10.jpg */ = {isa = PBXFileReference; lastKnownFileType = image.jpeg; path = s2e10.jpg; sourceTree = "<group>"; };
		636FED45204362380097A3C5 /* s5e8.jpg */ = {isa = PBXFileReference; lastKnownFileType = image.jpeg; path = s5e8.jpg; sourceTree = "<group>"; };
		636FED46204362380097A3C5 /* s4e1.jpg */ = {isa = PBXFileReference; lastKnownFileType = image.jpeg; path = s4e1.jpg; sourceTree = "<group>"; };
		636FED47204362380097A3C5 /* s3e3.jpg */ = {isa = PBXFileReference; lastKnownFileType = image.jpeg; path = s3e3.jpg; sourceTree = "<group>"; };
		636FED48204362380097A3C5 /* s5e2.jpg */ = {isa = PBXFileReference; lastKnownFileType = image.jpeg; path = s5e2.jpg; sourceTree = "<group>"; };
		636FED49204362380097A3C5 /* s5e7.jpg */ = {isa = PBXFileReference; lastKnownFileType = image.jpeg; path = s5e7.jpg; sourceTree = "<group>"; };
		636FED4A204362380097A3C5 /* s3e1.jpg */ = {isa = PBXFileReference; lastKnownFileType = image.jpeg; path = s3e1.jpg; sourceTree = "<group>"; };
		63784936204763FF00347505 /* ca-castle-icon.png */ = {isa = PBXFileReference; lastKnownFileType = image.png; path = "ca-castle-icon.png"; sourceTree = "<group>"; };
		637849372047640000347505 /* ca-film-icon.png */ = {isa = PBXFileReference; lastKnownFileType = image.png; path = "ca-film-icon.png"; sourceTree = "<group>"; };
		637890BD2040C32D006E3732 /* EpisodeTests.swift */ = {isa = PBXFileReference; lastKnownFileType = sourcecode.swift; path = EpisodeTests.swift; sourceTree = "<group>"; };
		637890BF2040CFC8006E3732 /* RepositoryFactory.swift */ = {isa = PBXFileReference; lastKnownFileType = sourcecode.swift; path = RepositoryFactory.swift; sourceTree = "<group>"; };
		63813DC1202CE53600898058 /* Westeros.app */ = {isa = PBXFileReference; explicitFileType = wrapper.application; includeInIndex = 0; path = Westeros.app; sourceTree = BUILT_PRODUCTS_DIR; };
		63813DC4202CE53600898058 /* AppDelegate.swift */ = {isa = PBXFileReference; lastKnownFileType = sourcecode.swift; path = AppDelegate.swift; sourceTree = "<group>"; };
		63813DCB202CE53600898058 /* Assets.xcassets */ = {isa = PBXFileReference; lastKnownFileType = folder.assetcatalog; path = Assets.xcassets; sourceTree = "<group>"; };
		63813DCE202CE53600898058 /* Base */ = {isa = PBXFileReference; lastKnownFileType = file.storyboard; name = Base; path = Base.lproj/LaunchScreen.storyboard; sourceTree = "<group>"; };
		63813DD0202CE53600898058 /* Info.plist */ = {isa = PBXFileReference; lastKnownFileType = text.plist.xml; path = Info.plist; sourceTree = "<group>"; };
		63813DD5202CE53600898058 /* WesterosTests.xctest */ = {isa = PBXFileReference; explicitFileType = wrapper.cfbundle; includeInIndex = 0; path = WesterosTests.xctest; sourceTree = BUILT_PRODUCTS_DIR; };
		63813DDB202CE53600898058 /* Info.plist */ = {isa = PBXFileReference; lastKnownFileType = text.plist.xml; path = Info.plist; sourceTree = "<group>"; };
		63813DE4202CF01B00898058 /* HouseTests.swift */ = {isa = PBXFileReference; lastKnownFileType = sourcecode.swift; path = HouseTests.swift; sourceTree = "<group>"; };
		63813DE8202CF1DA00898058 /* House.swift */ = {isa = PBXFileReference; lastKnownFileType = sourcecode.swift; path = House.swift; sourceTree = "<group>"; };
		63813DEA202CF64600898058 /* Sigil.swift */ = {isa = PBXFileReference; lastKnownFileType = sourcecode.swift; path = Sigil.swift; sourceTree = "<group>"; };
		63813DEC202CFD8000898058 /* PersonTests.swift */ = {isa = PBXFileReference; lastKnownFileType = sourcecode.swift; path = PersonTests.swift; sourceTree = "<group>"; };
		6383D9562034D1210042281F /* UIViewController+Additions.swift */ = {isa = PBXFileReference; lastKnownFileType = sourcecode.swift; path = "UIViewController+Additions.swift"; sourceTree = "<group>"; };
		6383D9582034D3650042281F /* RepositoryTests.swift */ = {isa = PBXFileReference; lastKnownFileType = sourcecode.swift; path = RepositoryTests.swift; sourceTree = "<group>"; };
		6383D95A2034D4080042281F /* Repository.swift */ = {isa = PBXFileReference; lastKnownFileType = sourcecode.swift; path = Repository.swift; sourceTree = "<group>"; };
		6383D95C20362B8E0042281F /* WikiViewController.swift */ = {isa = PBXFileReference; lastKnownFileType = sourcecode.swift; path = WikiViewController.swift; sourceTree = "<group>"; };
		6383D95D20362B8E0042281F /* WikiViewController.xib */ = {isa = PBXFileReference; lastKnownFileType = file.xib; path = WikiViewController.xib; sourceTree = "<group>"; };
		6383D960203645330042281F /* HouseListViewController.swift */ = {isa = PBXFileReference; lastKnownFileType = sourcecode.swift; path = HouseListViewController.swift; sourceTree = "<group>"; };
		6383D961203645330042281F /* HouseListViewController.xib */ = {isa = PBXFileReference; lastKnownFileType = file.xib; path = HouseListViewController.xib; sourceTree = "<group>"; };
		639A09D220323A8D00C1A4DF /* HouseDetailViewController.swift */ = {isa = PBXFileReference; lastKnownFileType = sourcecode.swift; path = HouseDetailViewController.swift; sourceTree = "<group>"; };
		639A09D320323A8D00C1A4DF /* HouseDetailViewController.xib */ = {isa = PBXFileReference; lastKnownFileType = file.xib; path = HouseDetailViewController.xib; sourceTree = "<group>"; };
		63AB2E4E202D0A24004B0BB6 /* Person.swift */ = {isa = PBXFileReference; fileEncoding = 4; lastKnownFileType = sourcecode.swift; path = Person.swift; sourceTree = "<group>"; };
		63ADB2FC203E1C2500BCD94C /* lannister.png */ = {isa = PBXFileReference; lastKnownFileType = image.png; path = lannister.png; sourceTree = "<group>"; };
		63ADB2FD203E1C2500BCD94C /* tyrell.png */ = {isa = PBXFileReference; lastKnownFileType = image.png; path = tyrell.png; sourceTree = "<group>"; };
		63ADB2FE203E1C2600BCD94C /* stark.png */ = {isa = PBXFileReference; lastKnownFileType = image.png; path = stark.png; sourceTree = "<group>"; };
		63ADB2FF203E1C2600BCD94C /* targaryen.png */ = {isa = PBXFileReference; lastKnownFileType = image.png; path = targaryen.png; sourceTree = "<group>"; };
		63ADB300203E1C2600BCD94C /* bolton.png */ = {isa = PBXFileReference; lastKnownFileType = image.png; path = bolton.png; sourceTree = "<group>"; };
		63ADB301203E1C2600BCD94C /* baratheon.png */ = {isa = PBXFileReference; lastKnownFileType = image.png; path = baratheon.png; sourceTree = "<group>"; };
		63ADB302203E1C2600BCD94C /* martell.png */ = {isa = PBXFileReference; lastKnownFileType = image.png; path = martell.png; sourceTree = "<group>"; };
		63ADB30A203E2E0F00BCD94C /* SeasonTests.swift */ = {isa = PBXFileReference; lastKnownFileType = sourcecode.swift; path = SeasonTests.swift; sourceTree = "<group>"; };
		63ADB30C203E2E8400BCD94C /* Season.swift */ = {isa = PBXFileReference; lastKnownFileType = sourcecode.swift; path = Season.swift; sourceTree = "<group>"; };
		63ADB30E203E2EA200BCD94C /* Episode.swift */ = {isa = PBXFileReference; lastKnownFileType = sourcecode.swift; path = Episode.swift; sourceTree = "<group>"; };
/* End PBXFileReference section */

/* Begin PBXFrameworksBuildPhase section */
		63813DBE202CE53600898058 /* Frameworks */ = {
			isa = PBXFrameworksBuildPhase;
			buildActionMask = 2147483647;
			files = (
			);
			runOnlyForDeploymentPostprocessing = 0;
		};
		63813DD2202CE53600898058 /* Frameworks */ = {
			isa = PBXFrameworksBuildPhase;
			buildActionMask = 2147483647;
			files = (
			);
			runOnlyForDeploymentPostprocessing = 0;
		};
/* End PBXFrameworksBuildPhase section */

/* Begin PBXGroup section */
		63813DB8202CE53600898058 = {
			isa = PBXGroup;
			children = (
				63813DC3202CE53600898058 /* Westeros */,
				63813DD8202CE53600898058 /* WesterosTests */,
				63813DC2202CE53600898058 /* Products */,
			);
			sourceTree = "<group>";
		};
		63813DC2202CE53600898058 /* Products */ = {
			isa = PBXGroup;
			children = (
				63813DC1202CE53600898058 /* Westeros.app */,
				63813DD5202CE53600898058 /* WesterosTests.xctest */,
			);
			name = Products;
			sourceTree = "<group>";
		};
		63813DC3202CE53600898058 /* Westeros */ = {
			isa = PBXGroup;
			children = (
				6383D9552034D0D90042281F /* UIKitExtensions */,
				639A09D620323D5300C1A4DF /* Controllers */,
				639A09D12032397300C1A4DF /* Images */,
				63813DF0202D084B00898058 /* Domain */,
				63813DC4202CE53600898058 /* AppDelegate.swift */,
				63813DCB202CE53600898058 /* Assets.xcassets */,
				63813DCD202CE53600898058 /* LaunchScreen.storyboard */,
				63813DD0202CE53600898058 /* Info.plist */,
			);
			path = Westeros;
			sourceTree = "<group>";
		};
		63813DD8202CE53600898058 /* WesterosTests */ = {
			isa = PBXGroup;
			children = (
				63813DDB202CE53600898058 /* Info.plist */,
				63813DE4202CF01B00898058 /* HouseTests.swift */,
				63813DEC202CFD8000898058 /* PersonTests.swift */,
				6383D9582034D3650042281F /* RepositoryTests.swift */,
				63ADB30A203E2E0F00BCD94C /* SeasonTests.swift */,
				637890BD2040C32D006E3732 /* EpisodeTests.swift */,
			);
			path = WesterosTests;
			sourceTree = "<group>";
		};
		63813DF0202D084B00898058 /* Domain */ = {
			isa = PBXGroup;
			children = (
				63AB2E4E202D0A24004B0BB6 /* Person.swift */,
				63813DE8202CF1DA00898058 /* House.swift */,
				63813DEA202CF64600898058 /* Sigil.swift */,
				6383D95A2034D4080042281F /* Repository.swift */,
				63ADB30C203E2E8400BCD94C /* Season.swift */,
				63ADB30E203E2EA200BCD94C /* Episode.swift */,
				637890BF2040CFC8006E3732 /* RepositoryFactory.swift */,
			);
			path = Domain;
			sourceTree = "<group>";
		};
		6383D9552034D0D90042281F /* UIKitExtensions */ = {
			isa = PBXGroup;
			children = (
				6383D9562034D1210042281F /* UIViewController+Additions.swift */,
			);
			path = UIKitExtensions;
			sourceTree = "<group>";
		};
		639A09D12032397300C1A4DF /* Images */ = {
			isa = PBXGroup;
			children = (
				63784936204763FF00347505 /* ca-castle-icon.png */,
				637849372047640000347505 /* ca-film-icon.png */,
				636FED41204362380097A3C5 /* s1e1.jpg */,
				636FED20204362350097A3C5 /* s1e2.jpg */,
				636FED29204362360097A3C5 /* s1e3.jpg */,
				636FED0D204362340097A3C5 /* s1e4.jpg */,
				636FED32204362360097A3C5 /* s1e5.jpg */,
				636FED1B204362350097A3C5 /* s1e6.jpg */,
				636FED16204362340097A3C5 /* s1e7.jpg */,
				636FED0F204362340097A3C5 /* s1e8.jpg */,
				636FED43204362380097A3C5 /* s1e9.jpg */,
				636FED27204362360097A3C5 /* s1e10.jpg */,
				636FED21204362350097A3C5 /* s2e1.jpg */,
				636FED2C204362360097A3C5 /* s2e2.jpg */,
				636FED0B204362340097A3C5 /* s2e3.jpg */,
				636FED26204362360097A3C5 /* s2e4.jpg */,
				636FED13204362340097A3C5 /* s2e5.jpg */,
				636FED14204362340097A3C5 /* s2e6.jpg */,
				636FED09204362330097A3C5 /* s2e7.jpg */,
				636FED3B204362370097A3C5 /* s2e8.jpg */,
				636FED30204362360097A3C5 /* s2e9.jpg */,
				636FED44204362380097A3C5 /* s2e10.jpg */,
				636FED4A204362380097A3C5 /* s3e1.jpg */,
				636FED34204362370097A3C5 /* s3e2.jpg */,
				636FED47204362380097A3C5 /* s3e3.jpg */,
				636FED23204362350097A3C5 /* s3e4.jpg */,
				636FED1D204362350097A3C5 /* s3e5.jpg */,
				636FED3A204362370097A3C5 /* s3e6.jpg */,
				636FED0E204362340097A3C5 /* s3e7.jpg */,
				636FED1E204362350097A3C5 /* s3e8.jpg */,
				636FED25204362360097A3C5 /* s3e9.jpg */,
				636FED1A204362350097A3C5 /* s3e10.jpg */,
				636FED46204362380097A3C5 /* s4e1.jpg */,
				636FED0A204362330097A3C5 /* s4e2.jpg */,
				636FED2B204362360097A3C5 /* s4e3.jpg */,
				636FED42204362380097A3C5 /* s4e4.jpg */,
				636FED3C204362370097A3C5 /* s4e5.jpg */,
				636FED31204362360097A3C5 /* s4e6.jpg */,
				636FED3D204362370097A3C5 /* s4e7.jpg */,
				636FED18204362350097A3C5 /* s4e8.jpg */,
				636FED36204362370097A3C5 /* s4e9.jpg */,
				636FED12204362340097A3C5 /* s4e10.jpg */,
				636FED19204362350097A3C5 /* s5e1.jpg */,
				636FED48204362380097A3C5 /* s5e2.jpg */,
				636FED0C204362340097A3C5 /* s5e3.jpg */,
				636FED2F204362360097A3C5 /* s5e4.jpg */,
				636FED24204362350097A3C5 /* s5e5.jpg */,
				636FED1C204362350097A3C5 /* s5e6.jpg */,
				636FED49204362380097A3C5 /* s5e7.jpg */,
				636FED45204362380097A3C5 /* s5e8.jpg */,
				636FED08204362330097A3C5 /* s5e9.jpg */,
				636FED3F204362370097A3C5 /* s5e10.jpg */,
				636FED40204362380097A3C5 /* s6e1.jpg */,
				636FED37204362370097A3C5 /* s6e2.jpg */,
				636FED33204362370097A3C5 /* s6e3.jpg */,
				636FED28204362360097A3C5 /* s6e4.jpg */,
				636FED3E204362370097A3C5 /* s6e5.jpg */,
				636FED15204362340097A3C5 /* s6e6.jpg */,
				636FED2D204362360097A3C5 /* s6e7.jpg */,
				636FED1F204362350097A3C5 /* s6e8.jpg */,
				636FED2E204362360097A3C5 /* s6e9.jpg */,
				636FED38204362370097A3C5 /* s6e10.jpg */,
				636FED22204362350097A3C5 /* s7e1.jpg */,
				636FED35204362370097A3C5 /* s7e2.jpg */,
				636FED39204362370097A3C5 /* s7e3.jpg */,
				636FED2A204362360097A3C5 /* s7e4.jpg */,
				636FED10204362340097A3C5 /* s7e5.jpg */,
				636FED11204362340097A3C5 /* s7e6.jpg */,
				636FED17204362340097A3C5 /* s7e7.jpg */,
				636FECFA20435CDF0097A3C5 /* season-1.jpg */,
				636FECFC20435CE00097A3C5 /* season-2.jpg */,
				636FED0020435CE00097A3C5 /* season-3.jpg */,
				636FECFB20435CDF0097A3C5 /* season-4.jpg */,
				636FECFE20435CE00097A3C5 /* season-5.jpg */,
				636FECFD20435CE00097A3C5 /* season-6.jpg */,
				636FECFF20435CE00097A3C5 /* season-7.jpg */,
				63ADB301203E1C2600BCD94C /* baratheon.png */,
				63ADB300203E1C2600BCD94C /* bolton.png */,
				63ADB2FC203E1C2500BCD94C /* lannister.png */,
				63ADB302203E1C2600BCD94C /* martell.png */,
				63ADB2FE203E1C2600BCD94C /* stark.png */,
				63ADB2FF203E1C2600BCD94C /* targaryen.png */,
				63ADB2FD203E1C2500BCD94C /* tyrell.png */,
			);
			path = Images;
			sourceTree = "<group>";
		};
		639A09D620323D5300C1A4DF /* Controllers */ = {
			isa = PBXGroup;
			children = (
				639A09D220323A8D00C1A4DF /* HouseDetailViewController.swift */,
				639A09D320323A8D00C1A4DF /* HouseDetailViewController.xib */,
				6383D95C20362B8E0042281F /* WikiViewController.swift */,
				6383D95D20362B8E0042281F /* WikiViewController.xib */,
				6383D960203645330042281F /* HouseListViewController.swift */,
				6383D961203645330042281F /* HouseListViewController.xib */,
				631E34E6203B69F100581244 /* MemberListViewController.swift */,
				631E34E7203B69F100581244 /* MemberListViewController.xib */,
				636FECEA204359DF0097A3C5 /* SeasonListViewController.swift */,
				636FECEB204359DF0097A3C5 /* SeasonListViewController.xib */,
				636FECEE20435A060097A3C5 /* SeasonDetailViewController.swift */,
				636FECEF20435A060097A3C5 /* SeasonDetailViewController.xib */,
				636FECF220435A260097A3C5 /* EpisodeDetailViewController.swift */,
				636FECF320435A260097A3C5 /* EpisodeDetailViewController.xib */,
				636FECF620435A4D0097A3C5 /* EpisodeListViewController.swift */,
				636FECF720435A4D0097A3C5 /* EpisodeListViewController.xib */,
			);
			path = Controllers;
			sourceTree = "<group>";
		};
/* End PBXGroup section */

/* Begin PBXNativeTarget section */
		63813DC0202CE53600898058 /* Westeros */ = {
			isa = PBXNativeTarget;
			buildConfigurationList = 63813DDE202CE53600898058 /* Build configuration list for PBXNativeTarget "Westeros" */;
			buildPhases = (
				63813DBD202CE53600898058 /* Sources */,
				63813DBE202CE53600898058 /* Frameworks */,
				63813DBF202CE53600898058 /* Resources */,
			);
			buildRules = (
			);
			dependencies = (
			);
			name = Westeros;
			productName = Westeros;
			productReference = 63813DC1202CE53600898058 /* Westeros.app */;
			productType = "com.apple.product-type.application";
		};
		63813DD4202CE53600898058 /* WesterosTests */ = {
			isa = PBXNativeTarget;
			buildConfigurationList = 63813DE1202CE53600898058 /* Build configuration list for PBXNativeTarget "WesterosTests" */;
			buildPhases = (
				63813DD1202CE53600898058 /* Sources */,
				63813DD2202CE53600898058 /* Frameworks */,
				63813DD3202CE53600898058 /* Resources */,
			);
			buildRules = (
			);
			dependencies = (
				63813DD7202CE53600898058 /* PBXTargetDependency */,
			);
			name = WesterosTests;
			productName = WesterosTests;
			productReference = 63813DD5202CE53600898058 /* WesterosTests.xctest */;
			productType = "com.apple.product-type.bundle.unit-test";
		};
/* End PBXNativeTarget section */

/* Begin PBXProject section */
		63813DB9202CE53600898058 /* Project object */ = {
			isa = PBXProject;
			attributes = {
				LastSwiftUpdateCheck = 0920;
				LastUpgradeCheck = 0920;
				ORGANIZATIONNAME = "David López Rodriguez";
				TargetAttributes = {
					63813DC0202CE53600898058 = {
						CreatedOnToolsVersion = 9.2;
						ProvisioningStyle = Automatic;
					};
					63813DD4202CE53600898058 = {
						CreatedOnToolsVersion = 9.2;
						LastSwiftMigration = 0920;
						ProvisioningStyle = Automatic;
						TestTargetID = 63813DC0202CE53600898058;
					};
				};
			};
			buildConfigurationList = 63813DBC202CE53600898058 /* Build configuration list for PBXProject "Westeros" */;
			compatibilityVersion = "Xcode 8.0";
			developmentRegion = en;
			hasScannedForEncodings = 0;
			knownRegions = (
				en,
				Base,
			);
			mainGroup = 63813DB8202CE53600898058;
			productRefGroup = 63813DC2202CE53600898058 /* Products */;
			projectDirPath = "";
			projectRoot = "";
			targets = (
				63813DC0202CE53600898058 /* Westeros */,
				63813DD4202CE53600898058 /* WesterosTests */,
			);
		};
/* End PBXProject section */

/* Begin PBXResourcesBuildPhase section */
		63813DBF202CE53600898058 /* Resources */ = {
			isa = PBXResourcesBuildPhase;
			buildActionMask = 2147483647;
			files = (
				636FECF120435A060097A3C5 /* SeasonDetailViewController.xib in Resources */,
				636FED53204362380097A3C5 /* s7e5.jpg in Resources */,
				63ADB309203E1C2600BCD94C /* martell.png in Resources */,
				6383D95F20362B8E0042281F /* WikiViewController.xib in Resources */,
				636FED59204362380097A3C5 /* s1e7.jpg in Resources */,
				637849392047640000347505 /* ca-film-icon.png in Resources */,
				636FED67204362380097A3C5 /* s5e5.jpg in Resources */,
				636FED7F204362380097A3C5 /* s4e5.jpg in Resources */,
				636FED79204362380097A3C5 /* s4e9.jpg in Resources */,
				636FED69204362380097A3C5 /* s2e4.jpg in Resources */,
				636FED6C204362380097A3C5 /* s1e3.jpg in Resources */,
				636FED76204362380097A3C5 /* s6e3.jpg in Resources */,
				636FED6B204362380097A3C5 /* s6e4.jpg in Resources */,
				636FED57204362380097A3C5 /* s2e6.jpg in Resources */,
				63ADB305203E1C2600BCD94C /* stark.png in Resources */,
				636FECED204359DF0097A3C5 /* SeasonListViewController.xib in Resources */,
				636FED58204362380097A3C5 /* s6e6.jpg in Resources */,
				636FED8B204362380097A3C5 /* s5e2.jpg in Resources */,
				636FED74204362380097A3C5 /* s4e6.jpg in Resources */,
				63ADB304203E1C2600BCD94C /* tyrell.png in Resources */,
				636FED70204362380097A3C5 /* s6e7.jpg in Resources */,
				63813DCF202CE53600898058 /* LaunchScreen.storyboard in Resources */,
				636FED5D204362380097A3C5 /* s3e10.jpg in Resources */,
				636FED0320435CE00097A3C5 /* season-2.jpg in Resources */,
				636FED83204362380097A3C5 /* s6e1.jpg in Resources */,
				636FED80204362380097A3C5 /* s4e7.jpg in Resources */,
				636FED62204362380097A3C5 /* s6e8.jpg in Resources */,
				636FED66204362380097A3C5 /* s3e4.jpg in Resources */,
				636FED4E204362380097A3C5 /* s2e3.jpg in Resources */,
				636FED5C204362380097A3C5 /* s5e1.jpg in Resources */,
				636FED64204362380097A3C5 /* s2e1.jpg in Resources */,
				636FED0420435CE00097A3C5 /* season-6.jpg in Resources */,
				636FED8C204362380097A3C5 /* s5e7.jpg in Resources */,
				63ADB308203E1C2600BCD94C /* baratheon.png in Resources */,
				636FED4C204362380097A3C5 /* s2e7.jpg in Resources */,
				636FED5E204362380097A3C5 /* s1e6.jpg in Resources */,
				636FECF920435A4D0097A3C5 /* EpisodeListViewController.xib in Resources */,
				636FED7D204362380097A3C5 /* s3e6.jpg in Resources */,
				636FED7C204362380097A3C5 /* s7e3.jpg in Resources */,
				636FED7A204362380097A3C5 /* s6e2.jpg in Resources */,
				636FED86204362380097A3C5 /* s1e9.jpg in Resources */,
				636FED54204362380097A3C5 /* s7e6.jpg in Resources */,
				63ADB307203E1C2600BCD94C /* bolton.png in Resources */,
				636FED85204362380097A3C5 /* s4e4.jpg in Resources */,
				6383D963203645330042281F /* HouseListViewController.xib in Resources */,
				63ADB306203E1C2600BCD94C /* targaryen.png in Resources */,
				636FED89204362380097A3C5 /* s4e1.jpg in Resources */,
				636FED81204362380097A3C5 /* s6e5.jpg in Resources */,
				636FED8A204362380097A3C5 /* s3e3.jpg in Resources */,
				636FED5A204362380097A3C5 /* s7e7.jpg in Resources */,
				636FED50204362380097A3C5 /* s1e4.jpg in Resources */,
				636FED0520435CE00097A3C5 /* season-5.jpg in Resources */,
				636FED8D204362380097A3C5 /* s3e1.jpg in Resources */,
				636FECF520435A260097A3C5 /* EpisodeDetailViewController.xib in Resources */,
				636FED4F204362380097A3C5 /* s5e3.jpg in Resources */,
				636FED6A204362380097A3C5 /* s1e10.jpg in Resources */,
				636FED75204362380097A3C5 /* s1e5.jpg in Resources */,
				636FED7E204362380097A3C5 /* s2e8.jpg in Resources */,
				636FED63204362380097A3C5 /* s1e2.jpg in Resources */,
				636FED56204362380097A3C5 /* s2e5.jpg in Resources */,
				636FED71204362380097A3C5 /* s6e9.jpg in Resources */,
				637849382047640000347505 /* ca-castle-icon.png in Resources */,
				636FED87204362380097A3C5 /* s2e10.jpg in Resources */,
				636FED6F204362380097A3C5 /* s2e2.jpg in Resources */,
				636FED4B204362380097A3C5 /* s5e9.jpg in Resources */,
				636FED65204362380097A3C5 /* s7e1.jpg in Resources */,
				636FED5F204362380097A3C5 /* s5e6.jpg in Resources */,
				636FED5B204362380097A3C5 /* s4e8.jpg in Resources */,
				636FED77204362380097A3C5 /* s3e2.jpg in Resources */,
				636FED73204362380097A3C5 /* s2e9.jpg in Resources */,
				636FED60204362380097A3C5 /* s3e5.jpg in Resources */,
				636FED51204362380097A3C5 /* s3e7.jpg in Resources */,
				636FED6D204362380097A3C5 /* s7e4.jpg in Resources */,
				636FED84204362380097A3C5 /* s1e1.jpg in Resources */,
				636FED6E204362380097A3C5 /* s4e3.jpg in Resources */,
				631E34E9203B69F100581244 /* MemberListViewController.xib in Resources */,
				636FED7B204362380097A3C5 /* s6e10.jpg in Resources */,
				636FED78204362380097A3C5 /* s7e2.jpg in Resources */,
				636FED55204362380097A3C5 /* s4e10.jpg in Resources */,
				636FED0120435CE00097A3C5 /* season-1.jpg in Resources */,
				636FED52204362380097A3C5 /* s1e8.jpg in Resources */,
				636FED88204362380097A3C5 /* s5e8.jpg in Resources */,
				63ADB303203E1C2600BCD94C /* lannister.png in Resources */,
				636FED82204362380097A3C5 /* s5e10.jpg in Resources */,
				636FED0620435CE00097A3C5 /* season-7.jpg in Resources */,
				636FED72204362380097A3C5 /* s5e4.jpg in Resources */,
				636FED4D204362380097A3C5 /* s4e2.jpg in Resources */,
				636FED0720435CE00097A3C5 /* season-3.jpg in Resources */,
				636FED68204362380097A3C5 /* s3e9.jpg in Resources */,
				639A09D520323A8D00C1A4DF /* HouseDetailViewController.xib in Resources */,
				636FED61204362380097A3C5 /* s3e8.jpg in Resources */,
				636FED0220435CE00097A3C5 /* season-4.jpg in Resources */,
				63813DCC202CE53600898058 /* Assets.xcassets in Resources */,
			);
			runOnlyForDeploymentPostprocessing = 0;
		};
		63813DD3202CE53600898058 /* Resources */ = {
			isa = PBXResourcesBuildPhase;
			buildActionMask = 2147483647;
			files = (
			);
			runOnlyForDeploymentPostprocessing = 0;
		};
/* End PBXResourcesBuildPhase section */

/* Begin PBXSourcesBuildPhase section */
		63813DBD202CE53600898058 /* Sources */ = {
			isa = PBXSourcesBuildPhase;
			buildActionMask = 2147483647;
			files = (
				6383D95B2034D4080042281F /* Repository.swift in Sources */,
				63ADB30F203E2EA200BCD94C /* Episode.swift in Sources */,
				639A09D420323A8D00C1A4DF /* HouseDetailViewController.swift in Sources */,
				63813DEB202CF64600898058 /* Sigil.swift in Sources */,
				6383D9572034D1210042281F /* UIViewController+Additions.swift in Sources */,
				636FECF420435A260097A3C5 /* EpisodeDetailViewController.swift in Sources */,
				636FECEC204359DF0097A3C5 /* SeasonListViewController.swift in Sources */,
				631E34E8203B69F100581244 /* MemberListViewController.swift in Sources */,
				63ADB30D203E2E8400BCD94C /* Season.swift in Sources */,
				636FECF020435A060097A3C5 /* SeasonDetailViewController.swift in Sources */,
				63813DE9202CF1DA00898058 /* House.swift in Sources */,
				63AB2E4F202D0A24004B0BB6 /* Person.swift in Sources */,
				636FECF820435A4D0097A3C5 /* EpisodeListViewController.swift in Sources */,
				6383D95E20362B8E0042281F /* WikiViewController.swift in Sources */,
				63813DC5202CE53600898058 /* AppDelegate.swift in Sources */,
				6383D962203645330042281F /* HouseListViewController.swift in Sources */,
				637890C02040CFC8006E3732 /* RepositoryFactory.swift in Sources */,
			);
			runOnlyForDeploymentPostprocessing = 0;
		};
		63813DD1202CE53600898058 /* Sources */ = {
			isa = PBXSourcesBuildPhase;
			buildActionMask = 2147483647;
			files = (
				63ADB30B203E2E0F00BCD94C /* SeasonTests.swift in Sources */,
				63813DE5202CF01B00898058 /* HouseTests.swift in Sources */,
				63813DED202CFD8000898058 /* PersonTests.swift in Sources */,
				637890BE2040C32D006E3732 /* EpisodeTests.swift in Sources */,
				6383D9592034D3650042281F /* RepositoryTests.swift in Sources */,
			);
			runOnlyForDeploymentPostprocessing = 0;
		};
/* End PBXSourcesBuildPhase section */

/* Begin PBXTargetDependency section */
		63813DD7202CE53600898058 /* PBXTargetDependency */ = {
			isa = PBXTargetDependency;
			target = 63813DC0202CE53600898058 /* Westeros */;
			targetProxy = 63813DD6202CE53600898058 /* PBXContainerItemProxy */;
		};
/* End PBXTargetDependency section */

/* Begin PBXVariantGroup section */
		63813DCD202CE53600898058 /* LaunchScreen.storyboard */ = {
			isa = PBXVariantGroup;
			children = (
				63813DCE202CE53600898058 /* Base */,
			);
			name = LaunchScreen.storyboard;
			sourceTree = "<group>";
		};
/* End PBXVariantGroup section */

/* Begin XCBuildConfiguration section */
		63813DDC202CE53600898058 /* Debug */ = {
			isa = XCBuildConfiguration;
			buildSettings = {
				ALWAYS_SEARCH_USER_PATHS = NO;
				CLANG_ANALYZER_NONNULL = YES;
				CLANG_ANALYZER_NUMBER_OBJECT_CONVERSION = YES_AGGRESSIVE;
				CLANG_CXX_LANGUAGE_STANDARD = "gnu++14";
				CLANG_CXX_LIBRARY = "libc++";
				CLANG_ENABLE_MODULES = YES;
				CLANG_ENABLE_OBJC_ARC = YES;
				CLANG_WARN_BLOCK_CAPTURE_AUTORELEASING = YES;
				CLANG_WARN_BOOL_CONVERSION = YES;
				CLANG_WARN_COMMA = YES;
				CLANG_WARN_CONSTANT_CONVERSION = YES;
				CLANG_WARN_DIRECT_OBJC_ISA_USAGE = YES_ERROR;
				CLANG_WARN_DOCUMENTATION_COMMENTS = YES;
				CLANG_WARN_EMPTY_BODY = YES;
				CLANG_WARN_ENUM_CONVERSION = YES;
				CLANG_WARN_INFINITE_RECURSION = YES;
				CLANG_WARN_INT_CONVERSION = YES;
				CLANG_WARN_NON_LITERAL_NULL_CONVERSION = YES;
				CLANG_WARN_OBJC_LITERAL_CONVERSION = YES;
				CLANG_WARN_OBJC_ROOT_CLASS = YES_ERROR;
				CLANG_WARN_RANGE_LOOP_ANALYSIS = YES;
				CLANG_WARN_STRICT_PROTOTYPES = YES;
				CLANG_WARN_SUSPICIOUS_MOVE = YES;
				CLANG_WARN_UNGUARDED_AVAILABILITY = YES_AGGRESSIVE;
				CLANG_WARN_UNREACHABLE_CODE = YES;
				CLANG_WARN__DUPLICATE_METHOD_MATCH = YES;
				CODE_SIGN_IDENTITY = "iPhone Developer";
				COPY_PHASE_STRIP = NO;
				DEBUG_INFORMATION_FORMAT = dwarf;
				ENABLE_STRICT_OBJC_MSGSEND = YES;
				ENABLE_TESTABILITY = YES;
				GCC_C_LANGUAGE_STANDARD = gnu11;
				GCC_DYNAMIC_NO_PIC = NO;
				GCC_NO_COMMON_BLOCKS = YES;
				GCC_OPTIMIZATION_LEVEL = 0;
				GCC_PREPROCESSOR_DEFINITIONS = (
					"DEBUG=1",
					"$(inherited)",
				);
				GCC_WARN_64_TO_32_BIT_CONVERSION = YES;
				GCC_WARN_ABOUT_RETURN_TYPE = YES_ERROR;
				GCC_WARN_UNDECLARED_SELECTOR = YES;
				GCC_WARN_UNINITIALIZED_AUTOS = YES_AGGRESSIVE;
				GCC_WARN_UNUSED_FUNCTION = YES;
				GCC_WARN_UNUSED_VARIABLE = YES;
				IPHONEOS_DEPLOYMENT_TARGET = 11.2;
				MTL_ENABLE_DEBUG_INFO = YES;
				ONLY_ACTIVE_ARCH = YES;
				SDKROOT = iphoneos;
				SWIFT_ACTIVE_COMPILATION_CONDITIONS = DEBUG;
				SWIFT_OPTIMIZATION_LEVEL = "-Onone";
			};
			name = Debug;
		};
		63813DDD202CE53600898058 /* Release */ = {
			isa = XCBuildConfiguration;
			buildSettings = {
				ALWAYS_SEARCH_USER_PATHS = NO;
				CLANG_ANALYZER_NONNULL = YES;
				CLANG_ANALYZER_NUMBER_OBJECT_CONVERSION = YES_AGGRESSIVE;
				CLANG_CXX_LANGUAGE_STANDARD = "gnu++14";
				CLANG_CXX_LIBRARY = "libc++";
				CLANG_ENABLE_MODULES = YES;
				CLANG_ENABLE_OBJC_ARC = YES;
				CLANG_WARN_BLOCK_CAPTURE_AUTORELEASING = YES;
				CLANG_WARN_BOOL_CONVERSION = YES;
				CLANG_WARN_COMMA = YES;
				CLANG_WARN_CONSTANT_CONVERSION = YES;
				CLANG_WARN_DIRECT_OBJC_ISA_USAGE = YES_ERROR;
				CLANG_WARN_DOCUMENTATION_COMMENTS = YES;
				CLANG_WARN_EMPTY_BODY = YES;
				CLANG_WARN_ENUM_CONVERSION = YES;
				CLANG_WARN_INFINITE_RECURSION = YES;
				CLANG_WARN_INT_CONVERSION = YES;
				CLANG_WARN_NON_LITERAL_NULL_CONVERSION = YES;
				CLANG_WARN_OBJC_LITERAL_CONVERSION = YES;
				CLANG_WARN_OBJC_ROOT_CLASS = YES_ERROR;
				CLANG_WARN_RANGE_LOOP_ANALYSIS = YES;
				CLANG_WARN_STRICT_PROTOTYPES = YES;
				CLANG_WARN_SUSPICIOUS_MOVE = YES;
				CLANG_WARN_UNGUARDED_AVAILABILITY = YES_AGGRESSIVE;
				CLANG_WARN_UNREACHABLE_CODE = YES;
				CLANG_WARN__DUPLICATE_METHOD_MATCH = YES;
				CODE_SIGN_IDENTITY = "iPhone Developer";
				COPY_PHASE_STRIP = NO;
				DEBUG_INFORMATION_FORMAT = "dwarf-with-dsym";
				ENABLE_NS_ASSERTIONS = NO;
				ENABLE_STRICT_OBJC_MSGSEND = YES;
				GCC_C_LANGUAGE_STANDARD = gnu11;
				GCC_NO_COMMON_BLOCKS = YES;
				GCC_WARN_64_TO_32_BIT_CONVERSION = YES;
				GCC_WARN_ABOUT_RETURN_TYPE = YES_ERROR;
				GCC_WARN_UNDECLARED_SELECTOR = YES;
				GCC_WARN_UNINITIALIZED_AUTOS = YES_AGGRESSIVE;
				GCC_WARN_UNUSED_FUNCTION = YES;
				GCC_WARN_UNUSED_VARIABLE = YES;
				IPHONEOS_DEPLOYMENT_TARGET = 11.2;
				MTL_ENABLE_DEBUG_INFO = NO;
				SDKROOT = iphoneos;
				SWIFT_OPTIMIZATION_LEVEL = "-Owholemodule";
				VALIDATE_PRODUCT = YES;
			};
			name = Release;
		};
		63813DDF202CE53600898058 /* Debug */ = {
			isa = XCBuildConfiguration;
			buildSettings = {
				ASSETCATALOG_COMPILER_APPICON_NAME = AppIcon;
				CODE_SIGN_STYLE = Automatic;
				DEVELOPMENT_TEAM = 4GQ2929676;
				INFOPLIST_FILE = Westeros/Info.plist;
				LD_RUNPATH_SEARCH_PATHS = "$(inherited) @executable_path/Frameworks";
				PRODUCT_BUNDLE_IDENTIFIER = com.westeros.Westeros;
				PRODUCT_NAME = "$(TARGET_NAME)";
				SWIFT_VERSION = 4.0;
				TARGETED_DEVICE_FAMILY = "1,2";
			};
			name = Debug;
		};
		63813DE0202CE53600898058 /* Release */ = {
			isa = XCBuildConfiguration;
			buildSettings = {
				ASSETCATALOG_COMPILER_APPICON_NAME = AppIcon;
				CODE_SIGN_STYLE = Automatic;
				DEVELOPMENT_TEAM = 4GQ2929676;
				INFOPLIST_FILE = Westeros/Info.plist;
				LD_RUNPATH_SEARCH_PATHS = "$(inherited) @executable_path/Frameworks";
				PRODUCT_BUNDLE_IDENTIFIER = com.westeros.Westeros;
				PRODUCT_NAME = "$(TARGET_NAME)";
				SWIFT_VERSION = 4.0;
				TARGETED_DEVICE_FAMILY = "1,2";
			};
			name = Release;
		};
		63813DE2202CE53600898058 /* Debug */ = {
			isa = XCBuildConfiguration;
			buildSettings = {
				ALWAYS_EMBED_SWIFT_STANDARD_LIBRARIES = YES;
				BUNDLE_LOADER = "$(TEST_HOST)";
				CLANG_ENABLE_MODULES = YES;
				CODE_SIGN_STYLE = Automatic;
				DEVELOPMENT_TEAM = 4GQ2929676;
				INFOPLIST_FILE = WesterosTests/Info.plist;
				LD_RUNPATH_SEARCH_PATHS = "$(inherited) @executable_path/Frameworks @loader_path/Frameworks";
				PRODUCT_BUNDLE_IDENTIFIER = com.westeros.WesterosTests;
				PRODUCT_NAME = "$(TARGET_NAME)";
				SWIFT_OPTIMIZATION_LEVEL = "-Onone";
				SWIFT_VERSION = 4.0;
				TARGETED_DEVICE_FAMILY = "1,2";
				TEST_HOST = "$(BUILT_PRODUCTS_DIR)/Westeros.app/Westeros";
			};
			name = Debug;
		};
		63813DE3202CE53600898058 /* Release */ = {
			isa = XCBuildConfiguration;
			buildSettings = {
				ALWAYS_EMBED_SWIFT_STANDARD_LIBRARIES = YES;
				BUNDLE_LOADER = "$(TEST_HOST)";
				CLANG_ENABLE_MODULES = YES;
				CODE_SIGN_STYLE = Automatic;
				DEVELOPMENT_TEAM = 4GQ2929676;
				INFOPLIST_FILE = WesterosTests/Info.plist;
				LD_RUNPATH_SEARCH_PATHS = "$(inherited) @executable_path/Frameworks @loader_path/Frameworks";
				PRODUCT_BUNDLE_IDENTIFIER = com.westeros.WesterosTests;
				PRODUCT_NAME = "$(TARGET_NAME)";
				SWIFT_VERSION = 4.0;
				TARGETED_DEVICE_FAMILY = "1,2";
				TEST_HOST = "$(BUILT_PRODUCTS_DIR)/Westeros.app/Westeros";
			};
			name = Release;
		};
/* End XCBuildConfiguration section */

/* Begin XCConfigurationList section */
		63813DBC202CE53600898058 /* Build configuration list for PBXProject "Westeros" */ = {
			isa = XCConfigurationList;
			buildConfigurations = (
				63813DDC202CE53600898058 /* Debug */,
				63813DDD202CE53600898058 /* Release */,
			);
			defaultConfigurationIsVisible = 0;
			defaultConfigurationName = Release;
		};
		63813DDE202CE53600898058 /* Build configuration list for PBXNativeTarget "Westeros" */ = {
			isa = XCConfigurationList;
			buildConfigurations = (
				63813DDF202CE53600898058 /* Debug */,
				63813DE0202CE53600898058 /* Release */,
			);
			defaultConfigurationIsVisible = 0;
			defaultConfigurationName = Release;
		};
		63813DE1202CE53600898058 /* Build configuration list for PBXNativeTarget "WesterosTests" */ = {
			isa = XCConfigurationList;
			buildConfigurations = (
				63813DE2202CE53600898058 /* Debug */,
				63813DE3202CE53600898058 /* Release */,
			);
			defaultConfigurationIsVisible = 0;
			defaultConfigurationName = Release;
		};
/* End XCConfigurationList section */
	};
	rootObject = 63813DB9202CE53600898058 /* Project object */;
}
